
Microsoft Visual Studio Solution File, Format Version 12.00
# Visual Studio Version 17
VisualStudioVersion = 17.0.32112.339
MinimumVisualStudioVersion = 10.0.40219.1
Project("{9A19103F-16F7-4668-BE54-9A1E7A4F7556}") = "Hackney.Shared.Finance", "Hackney.Shared.Finance\Hackney.Shared.Finance.csproj", "{FA061CE0-4FD4-4DA6-8D0D-5D51717B4AD0}"
EndProject
Project("{FAE04EC0-301F-11D3-BF4B-00C04F79EFBC}") = "Hackney.Shared.Finance.Tests", "Hackney.Shared.Finance.Tests\Hackney.Shared.Finance.Tests.csproj", "{C5A80952-2F91-4415-8314-2277967E973F}"
EndProject
Global
	GlobalSection(SolutionConfigurationPlatforms) = preSolution
		Debug|Any CPU = Debug|Any CPU
		Release|Any CPU = Release|Any CPU
	EndGlobalSection
	GlobalSection(ProjectConfigurationPlatforms) = postSolution
		{FA061CE0-4FD4-4DA6-8D0D-5D51717B4AD0}.Debug|Any CPU.ActiveCfg = Debug|Any CPU
		{FA061CE0-4FD4-4DA6-8D0D-5D51717B4AD0}.Debug|Any CPU.Build.0 = Debug|Any CPU
		{FA061CE0-4FD4-4DA6-8D0D-5D51717B4AD0}.Release|Any CPU.ActiveCfg = Release|Any CPU
		{FA061CE0-4FD4-4DA6-8D0D-5D51717B4AD0}.Release|Any CPU.Build.0 = Release|Any CPU
		{C5A80952-2F91-4415-8314-2277967E973F}.Debug|Any CPU.ActiveCfg = Debug|Any CPU
		{C5A80952-2F91-4415-8314-2277967E973F}.Debug|Any CPU.Build.0 = Debug|Any CPU
		{C5A80952-2F91-4415-8314-2277967E973F}.Release|Any CPU.ActiveCfg = Release|Any CPU
		{C5A80952-2F91-4415-8314-2277967E973F}.Release|Any CPU.Build.0 = Release|Any CPU
	EndGlobalSection
	GlobalSection(SolutionProperties) = preSolution
		HideSolutionNode = FALSE
	EndGlobalSection
	GlobalSection(ExtensibilityGlobals) = postSolution
		SolutionGuid = {C87FEEF8-4011-4AF3-8650-C1A7F829E1D9}
	EndGlobalSection
EndGlobal
